
Microsoft Visual Studio Solution File, Format Version 12.00
# Visual Studio Version 16
VisualStudioVersion = 16.0.29102.190
MinimumVisualStudioVersion = 10.0.40219.1
Project("{FAE04EC0-301F-11D3-BF4B-00C04F79EFBC}") = "LibNetFramework", "LibNetFramework\LibNetFramework.csproj", "{60FC1665-D2D8-42B1-86E3-DA9C1AE7F729}"
EndProject
Project("{F184B08F-C81C-45F6-A57F-5ABD9991F28F}") = "ui2", "ui2\ui2.vbproj", "{2DF366E9-FE1F-4847-B535-B58655B4F8A3}"
EndProject
Project("{2150E333-8FDC-42A3-9474-1A3956D46DE8}") = "1 - old", "1 - old", "{D4B4C13E-ED8A-40E0-A639-EA3BEB269425}"
EndProject
Project("{2150E333-8FDC-42A3-9474-1A3956D46DE8}") = "2 - New", "2 - New", "{8DAD1159-3DA9-49A0-96E0-7AE208EC10C4}"
EndProject
Project("{FAE04EC0-301F-11D3-BF4B-00C04F79EFBC}") = "FastLegenda", "FastLegenda\FastLegenda\FastLegenda.csproj", "{9ADF9CC5-AA4B-41A1-B7C5-0D584CBCD4B8}"
EndProject
Project("{FAE04EC0-301F-11D3-BF4B-00C04F79EFBC}") = "FastLegenda.Core", "FastLegenda\FastLegenda.Core\FastLegenda.Core.csproj", "{237E0C7C-40B4-483C-9E6A-CAC0F37EDE22}"
EndProject
Project("{FAE04EC0-301F-11D3-BF4B-00C04F79EFBC}") = "FastLegenda.Modules.ModuleName", "FastLegenda\Modules\FastLegenda.Modules.ModuleName\FastLegenda.Modules.ModuleName.csproj", "{2BE1DD59-F4F9-49AD-AAC6-977D29147741}"
EndProject
Project("{FAE04EC0-301F-11D3-BF4B-00C04F79EFBC}") = "FastLegenda.Services", "FastLegenda\Services\FastLegenda.Services\FastLegenda.Services.csproj", "{FC0B28DC-8FAB-414B-835F-4B2BC1AC4DF4}"
EndProject
Project("{FAE04EC0-301F-11D3-BF4B-00C04F79EFBC}") = "FastLegenda.Services.Interfaces", "FastLegenda\Services\FastLegenda.Services.Interfaces\FastLegenda.Services.Interfaces.csproj", "{058BDF1A-AC58-4947-8F4A-6EEE3901339A}"
EndProject
Project("{FAE04EC0-301F-11D3-BF4B-00C04F79EFBC}") = "FastLegenda.Modules.ModuleName.Tests", "FastLegenda\Tests\FastLegenda.Modules.ModuleName.Tests\FastLegenda.Modules.ModuleName.Tests.csproj", "{A7537011-DD11-40F8-915D-5FD498AA0CD9}"
EndProject
Project("{2150E333-8FDC-42A3-9474-1A3956D46DE8}") = "UI", "UI", "{B5A7F61F-C577-46C4-985D-5E1F2DF63EB5}"
EndProject
Project("{2150E333-8FDC-42A3-9474-1A3956D46DE8}") = "CORE", "CORE", "{A4BFBF73-602E-4926-B0F9-6F06FFABE9E1}"
EndProject
Project("{F2A71F9B-5D33-465A-A702-920D77279786}") = "FastLegendaBCL", "FastLegendaBCL\FastLegendaBCL.fsproj", "{BAF45EA9-6EBD-4639-9EBF-ED86EB0ECC18}"
EndProject
Global
	GlobalSection(SolutionConfigurationPlatforms) = preSolution
		Debug|Any CPU = Debug|Any CPU
		Release|Any CPU = Release|Any CPU
	EndGlobalSection
	GlobalSection(ProjectConfigurationPlatforms) = postSolution
		{60FC1665-D2D8-42B1-86E3-DA9C1AE7F729}.Debug|Any CPU.ActiveCfg = Debug|Any CPU
		{60FC1665-D2D8-42B1-86E3-DA9C1AE7F729}.Debug|Any CPU.Build.0 = Debug|Any CPU
		{60FC1665-D2D8-42B1-86E3-DA9C1AE7F729}.Release|Any CPU.ActiveCfg = Release|Any CPU
		{60FC1665-D2D8-42B1-86E3-DA9C1AE7F729}.Release|Any CPU.Build.0 = Release|Any CPU
		{2DF366E9-FE1F-4847-B535-B58655B4F8A3}.Debug|Any CPU.ActiveCfg = Debug|Any CPU
		{2DF366E9-FE1F-4847-B535-B58655B4F8A3}.Debug|Any CPU.Build.0 = Debug|Any CPU
		{2DF366E9-FE1F-4847-B535-B58655B4F8A3}.Release|Any CPU.ActiveCfg = Release|Any CPU
		{2DF366E9-FE1F-4847-B535-B58655B4F8A3}.Release|Any CPU.Build.0 = Release|Any CPU
		{9ADF9CC5-AA4B-41A1-B7C5-0D584CBCD4B8}.Debug|Any CPU.ActiveCfg = Debug|Any CPU
		{9ADF9CC5-AA4B-41A1-B7C5-0D584CBCD4B8}.Debug|Any CPU.Build.0 = Debug|Any CPU
		{9ADF9CC5-AA4B-41A1-B7C5-0D584CBCD4B8}.Release|Any CPU.ActiveCfg = Release|Any CPU
		{9ADF9CC5-AA4B-41A1-B7C5-0D584CBCD4B8}.Release|Any CPU.Build.0 = Release|Any CPU
		{237E0C7C-40B4-483C-9E6A-CAC0F37EDE22}.Debug|Any CPU.ActiveCfg = Debug|Any CPU
		{237E0C7C-40B4-483C-9E6A-CAC0F37EDE22}.Debug|Any CPU.Build.0 = Debug|Any CPU
		{237E0C7C-40B4-483C-9E6A-CAC0F37EDE22}.Release|Any CPU.ActiveCfg = Release|Any CPU
		{237E0C7C-40B4-483C-9E6A-CAC0F37EDE22}.Release|Any CPU.Build.0 = Release|Any CPU
		{2BE1DD59-F4F9-49AD-AAC6-977D29147741}.Debug|Any CPU.ActiveCfg = Debug|Any CPU
		{2BE1DD59-F4F9-49AD-AAC6-977D29147741}.Debug|Any CPU.Build.0 = Debug|Any CPU
		{2BE1DD59-F4F9-49AD-AAC6-977D29147741}.Release|Any CPU.ActiveCfg = Release|Any CPU
		{2BE1DD59-F4F9-49AD-AAC6-977D29147741}.Release|Any CPU.Build.0 = Release|Any CPU
		{FC0B28DC-8FAB-414B-835F-4B2BC1AC4DF4}.Debug|Any CPU.ActiveCfg = Debug|Any CPU
		{FC0B28DC-8FAB-414B-835F-4B2BC1AC4DF4}.Debug|Any CPU.Build.0 = Debug|Any CPU
		{FC0B28DC-8FAB-414B-835F-4B2BC1AC4DF4}.Release|Any CPU.ActiveCfg = Release|Any CPU
		{FC0B28DC-8FAB-414B-835F-4B2BC1AC4DF4}.Release|Any CPU.Build.0 = Release|Any CPU
		{058BDF1A-AC58-4947-8F4A-6EEE3901339A}.Debug|Any CPU.ActiveCfg = Debug|Any CPU
		{058BDF1A-AC58-4947-8F4A-6EEE3901339A}.Debug|Any CPU.Build.0 = Debug|Any CPU
		{058BDF1A-AC58-4947-8F4A-6EEE3901339A}.Release|Any CPU.ActiveCfg = Release|Any CPU
		{058BDF1A-AC58-4947-8F4A-6EEE3901339A}.Release|Any CPU.Build.0 = Release|Any CPU
		{A7537011-DD11-40F8-915D-5FD498AA0CD9}.Debug|Any CPU.ActiveCfg = Debug|Any CPU
		{A7537011-DD11-40F8-915D-5FD498AA0CD9}.Debug|Any CPU.Build.0 = Debug|Any CPU
		{A7537011-DD11-40F8-915D-5FD498AA0CD9}.Release|Any CPU.ActiveCfg = Release|Any CPU
		{A7537011-DD11-40F8-915D-5FD498AA0CD9}.Release|Any CPU.Build.0 = Release|Any CPU
		{BAF45EA9-6EBD-4639-9EBF-ED86EB0ECC18}.Debug|Any CPU.ActiveCfg = Debug|Any CPU
		{BAF45EA9-6EBD-4639-9EBF-ED86EB0ECC18}.Debug|Any CPU.Build.0 = Debug|Any CPU
		{BAF45EA9-6EBD-4639-9EBF-ED86EB0ECC18}.Release|Any CPU.ActiveCfg = Release|Any CPU
		{BAF45EA9-6EBD-4639-9EBF-ED86EB0ECC18}.Release|Any CPU.Build.0 = Release|Any CPU
	EndGlobalSection
	GlobalSection(SolutionProperties) = preSolution
		HideSolutionNode = FALSE
	EndGlobalSection
	GlobalSection(NestedProjects) = preSolution
		{60FC1665-D2D8-42B1-86E3-DA9C1AE7F729} = {D4B4C13E-ED8A-40E0-A639-EA3BEB269425}
		{2DF366E9-FE1F-4847-B535-B58655B4F8A3} = {D4B4C13E-ED8A-40E0-A639-EA3BEB269425}
		{9ADF9CC5-AA4B-41A1-B7C5-0D584CBCD4B8} = {B5A7F61F-C577-46C4-985D-5E1F2DF63EB5}
		{237E0C7C-40B4-483C-9E6A-CAC0F37EDE22} = {B5A7F61F-C577-46C4-985D-5E1F2DF63EB5}
		{2BE1DD59-F4F9-49AD-AAC6-977D29147741} = {B5A7F61F-C577-46C4-985D-5E1F2DF63EB5}
		{FC0B28DC-8FAB-414B-835F-4B2BC1AC4DF4} = {B5A7F61F-C577-46C4-985D-5E1F2DF63EB5}
		{058BDF1A-AC58-4947-8F4A-6EEE3901339A} = {B5A7F61F-C577-46C4-985D-5E1F2DF63EB5}
		{A7537011-DD11-40F8-915D-5FD498AA0CD9} = {B5A7F61F-C577-46C4-985D-5E1F2DF63EB5}
		{B5A7F61F-C577-46C4-985D-5E1F2DF63EB5} = {8DAD1159-3DA9-49A0-96E0-7AE208EC10C4}
		{A4BFBF73-602E-4926-B0F9-6F06FFABE9E1} = {8DAD1159-3DA9-49A0-96E0-7AE208EC10C4}
		{BAF45EA9-6EBD-4639-9EBF-ED86EB0ECC18} = {A4BFBF73-602E-4926-B0F9-6F06FFABE9E1}
	EndGlobalSection
	GlobalSection(ExtensibilityGlobals) = postSolution
		SolutionGuid = {5AA3B351-B4C5-4C2B-A454-7F840C630BC1}
	EndGlobalSection
EndGlobal
